[{<<"basho_stats">>,
  {git,"git://github.com/basho/basho_stats.git",
       {ref,"19c532af235ae675439d491b329c55c2f9b02deb"}},
  1},
 {<<"bear">>,
  {git,"git://github.com/basho/bear.git",
       {ref,"da820a13c607c3f816ee8b83c587266da5389761"}},
  2},
 {<<"clique">>,
  {git,"git://github.com/basho/clique.git",
       {ref,"0063cbe2c97aa3f00c1cb289678482cbc5524bc1"}},
  1},
 {<<"cowboy">>,
  {git,"https://github.com/ninenines/cowboy",
       {ref,"b8e4115eb13488c517d8d8ef33c47d0eaa7838c6"}},
  0},
 {<<"cowlib">>,
  {git,"https://github.com/ninenines/cowlib.git",
       {ref,"d544a494af4dbc810fc9c15eaf5cc050cced1501"}},
  1},
 {<<"cuttlefish">>,
  {git,"git://github.com/basho/cuttlefish.git",
       {ref,"9ff58304e3496dfc9644089cfa13f7c255614d9c"}},
  2},
 {<<"edown">>,
  {git,"git://github.com/uwiger/edown.git",
       {ref,"b7c8eb0ac1859f8fce11cbfe3526f5ec83194776"}},
  2},
 {<<"eleveldb">>,
  {git,"git://github.com/basho/eleveldb.git",
       {ref,"ed3a07269bc099fe3d2d556ce1d3b3a72c26aa05"}},
  1},
 {<<"exometer_core">>,
  {git,"git://github.com/basho/exometer_core.git",
       {ref,"3e1516837e15918a7514a78d5126199e3deac989"}},
  0},
 {<<"folsom">>,
  {git,"git://github.com/basho/folsom.git",
       {ref,"72944523b6467c9f7add5f1c96dd5020424a2681"}},
  1},
 {<<"getopt">>,
  {git,"git://github.com/jcomellas/getopt.git",
       {ref,"388dc95caa7fb97ec7db8cfc39246a36aba61bd8"}},
  3},
 {<<"goldrush">>,
  {git,"git://github.com/DeadZen/goldrush.git",
       {ref,"64864ba7fcf40988361340e48680b49a2c2938cf"}},
  2},
 {<<"jsx">>,
  {git,"https://github.com/talentdeficit/jsx",
       {ref,"3074d4865b3385a050badf7828ad31490d860df5"}},
  0},
 {<<"lager">>,
  {git,"git://github.com/basho/lager.git",
       {ref,"f65dde85523b6aa6a259db1c93518187ae366515"}},
  1},
 {<<"meck">>,
  {git,"git://github.com/basho/meck.git",
       {ref,"dde759050eff19a1a80fd854d7375174b191665d"}},
  2},
 {<<"neotoma">>,
  {git,"git://github.com/seancribbs/neotoma.git",
       {ref,"6ac6007c7713712a80096de5c7cdf5b85b01374e"}},
  3},
 {<<"parse_trans">>,
  {git,"git://github.com/uwiger/parse_trans.git",
       {ref,"a210adafdfbb904d156d8f22abd5fb58fc17de1e"}},
  1},
 {<<"pbkdf2">>,
  {git,"git://github.com/marianoguerra/erlang-pbkdf2-no-history",
       {ref,"b8561cf72b13497ee498ce00bb80e5f2d24f512f"}},
  0},
 {<<"poolboy">>,
  {git,"git://github.com/basho/poolboy.git",
       {ref,"8bb45fbc715c5f493642a1cc572ec7017d0d5fa3"}},
  1},
 {<<"ranch">>,
  {git,"https://github.com/ninenines/ranch.git",
       {ref,"adf1822defc2b7cfdc7aca112adabfa1d614043c"}},
  1},
 {<<"riak_core">>,
  {git,"git://github.com/basho/riak_core",
       {ref,"e86aaa62c80a3774ff7c3f74e71e54fa50c93663"}},
  0},
 {<<"riak_ensemble">>,
  {git,"git://github.com/basho/riak_ensemble",
       {ref,"fe1e6c2675b3fa0582ee418e9e6628e1c9a7aff2"}},
  1},
 {<<"riak_sysmon">>,
  {git,"git://github.com/basho/riak_sysmon.git",
       {ref,"df6e244a5727d6b1bc035fdd0e8cdcde12bcc98a"}},
  1},
 {<<"setup">>,
  {git,"git://github.com/basho/setup.git",
       {ref,"4878261b8859909569509ad67f6efefb735651f0"}},
  1}].
